// !$*UTF8*$!
{
	archiveVersion = 1;
	classes = {
	};
	objectVersion = 56;
	objects = {

/* Begin PBXBuildFile section */
		D576CF992A645BAC002BCB44 /* ToDoListApp.swift in Sources */ = {isa = PBXBuildFile; fileRef = D576CF982A645BAC002BCB44 /* ToDoListApp.swift */; };
		D576CF9B2A645BAC002BCB44 /* MainView.swift in Sources */ = {isa = PBXBuildFile; fileRef = D576CF9A2A645BAC002BCB44 /* MainView.swift */; };
		D576CF9D2A645BAC002BCB44 /* Assets.xcassets in Resources */ = {isa = PBXBuildFile; fileRef = D576CF9C2A645BAC002BCB44 /* Assets.xcassets */; };
		D576CFA12A645BAC002BCB44 /* Preview Assets.xcassets in Resources */ = {isa = PBXBuildFile; fileRef = D576CFA02A645BAC002BCB44 /* Preview Assets.xcassets */; };
		D576CFA92A645CBD002BCB44 /* FirebaseAuth in Frameworks */ = {isa = PBXBuildFile; productRef = D576CFA82A645CBD002BCB44 /* FirebaseAuth */; };
		D576CFAB2A645CBD002BCB44 /* FirebaseFirestore in Frameworks */ = {isa = PBXBuildFile; productRef = D576CFAA2A645CBD002BCB44 /* FirebaseFirestore */; };
		D576CFAD2A645CBD002BCB44 /* FirebaseFirestoreSwift in Frameworks */ = {isa = PBXBuildFile; productRef = D576CFAC2A645CBD002BCB44 /* FirebaseFirestoreSwift */; };
		D576CFAF2A645D9F002BCB44 /* GoogleService-Info.plist in Resources */ = {isa = PBXBuildFile; fileRef = D576CFAE2A645D9E002BCB44 /* GoogleService-Info.plist */; };
		D576CFB62A64607D002BCB44 /* ProfileView.swift in Sources */ = {isa = PBXBuildFile; fileRef = D576CFB52A64607D002BCB44 /* ProfileView.swift */; };
		D576CFB82A646089002BCB44 /* ToDoListView.swift in Sources */ = {isa = PBXBuildFile; fileRef = D576CFB72A646089002BCB44 /* ToDoListView.swift */; };
		D576CFBA2A646093002BCB44 /* CreateItemView.swift in Sources */ = {isa = PBXBuildFile; fileRef = D576CFB92A646093002BCB44 /* CreateItemView.swift */; };
		D576CFBC2A64609C002BCB44 /* LoginView.swift in Sources */ = {isa = PBXBuildFile; fileRef = D576CFBB2A64609C002BCB44 /* LoginView.swift */; };
		D576CFBE2A6460A8002BCB44 /* RegisterView.swift in Sources */ = {isa = PBXBuildFile; fileRef = D576CFBD2A6460A8002BCB44 /* RegisterView.swift */; };
		D576CFC02A6460D7002BCB44 /* ToDoListItemView.swift in Sources */ = {isa = PBXBuildFile; fileRef = D576CFBF2A6460D7002BCB44 /* ToDoListItemView.swift */; };
		D576CFC22A64610F002BCB44 /* User.swift in Sources */ = {isa = PBXBuildFile; fileRef = D576CFC12A64610F002BCB44 /* User.swift */; };
		D576CFC42A646118002BCB44 /* ToDoListItem.swift in Sources */ = {isa = PBXBuildFile; fileRef = D576CFC32A646118002BCB44 /* ToDoListItem.swift */; };
		D576CFC62A64614B002BCB44 /* MainViewModel.swift in Sources */ = {isa = PBXBuildFile; fileRef = D576CFC52A64614B002BCB44 /* MainViewModel.swift */; };
		D576CFC82A646173002BCB44 /* ProfileViewModel.swift in Sources */ = {isa = PBXBuildFile; fileRef = D576CFC72A646173002BCB44 /* ProfileViewModel.swift */; };
		D576CFCA2A646182002BCB44 /* ToDoListViewModel.swift in Sources */ = {isa = PBXBuildFile; fileRef = D576CFC92A646182002BCB44 /* ToDoListViewModel.swift */; };
		D576CFCC2A64618C002BCB44 /* CreateItemViewModel.swift in Sources */ = {isa = PBXBuildFile; fileRef = D576CFCB2A64618C002BCB44 /* CreateItemViewModel.swift */; };
		D576CFCE2A646197002BCB44 /* LoginViewModel.swift in Sources */ = {isa = PBXBuildFile; fileRef = D576CFCD2A646197002BCB44 /* LoginViewModel.swift */; };
		D576CFD02A6461AF002BCB44 /* RegisterViewModel.swift in Sources */ = {isa = PBXBuildFile; fileRef = D576CFCF2A6461AF002BCB44 /* RegisterViewModel.swift */; };
		D576CFD22A6461B9002BCB44 /* ToDoListItemViewModel.swift in Sources */ = {isa = PBXBuildFile; fileRef = D576CFD12A6461B9002BCB44 /* ToDoListItemViewModel.swift */; };
		D576CFD72A646490002BCB44 /* Header.swift in Sources */ = {isa = PBXBuildFile; fileRef = D576CFD62A646490002BCB44 /* Header.swift */; };
		D576CFD92A647384002BCB44 /* TLButton.swift in Sources */ = {isa = PBXBuildFile; fileRef = D576CFD82A647384002BCB44 /* TLButton.swift */; };
		D576CFDE2A648770002BCB44 /* Validations.swift in Sources */ = {isa = PBXBuildFile; fileRef = D576CFDD2A648770002BCB44 /* Validations.swift */; };
		D576CFE02A648C3E002BCB44 /* Extensions.swift in Sources */ = {isa = PBXBuildFile; fileRef = D576CFDF2A648C3E002BCB44 /* Extensions.swift */; };
/* End PBXBuildFile section */

/* Begin PBXFileReference section */
		D576CF952A645BAC002BCB44 /* ToDoList.app */ = {isa = PBXFileReference; explicitFileType = wrapper.application; includeInIndex = 0; path = ToDoList.app; sourceTree = BUILT_PRODUCTS_DIR; };
		D576CF982A645BAC002BCB44 /* ToDoListApp.swift */ = {isa = PBXFileReference; lastKnownFileType = sourcecode.swift; path = ToDoListApp.swift; sourceTree = "<group>"; };
		D576CF9A2A645BAC002BCB44 /* MainView.swift */ = {isa = PBXFileReference; lastKnownFileType = sourcecode.swift; path = MainView.swift; sourceTree = "<group>"; };
		D576CF9C2A645BAC002BCB44 /* Assets.xcassets */ = {isa = PBXFileReference; lastKnownFileType = folder.assetcatalog; path = Assets.xcassets; sourceTree = "<group>"; };
		D576CF9E2A645BAC002BCB44 /* ToDoList.entitlements */ = {isa = PBXFileReference; lastKnownFileType = text.plist.entitlements; path = ToDoList.entitlements; sourceTree = "<group>"; };
		D576CFA02A645BAC002BCB44 /* Preview Assets.xcassets */ = {isa = PBXFileReference; lastKnownFileType = folder.assetcatalog; path = "Preview Assets.xcassets"; sourceTree = "<group>"; };
		D576CFAE2A645D9E002BCB44 /* GoogleService-Info.plist */ = {isa = PBXFileReference; fileEncoding = 4; lastKnownFileType = text.plist.xml; path = "GoogleService-Info.plist"; sourceTree = "<group>"; };
		D576CFB52A64607D002BCB44 /* ProfileView.swift */ = {isa = PBXFileReference; lastKnownFileType = sourcecode.swift; path = ProfileView.swift; sourceTree = "<group>"; };
		D576CFB72A646089002BCB44 /* ToDoListView.swift */ = {isa = PBXFileReference; lastKnownFileType = sourcecode.swift; path = ToDoListView.swift; sourceTree = "<group>"; };
		D576CFB92A646093002BCB44 /* CreateItemView.swift */ = {isa = PBXFileReference; lastKnownFileType = sourcecode.swift; path = CreateItemView.swift; sourceTree = "<group>"; };
		D576CFBB2A64609C002BCB44 /* LoginView.swift */ = {isa = PBXFileReference; lastKnownFileType = sourcecode.swift; path = LoginView.swift; sourceTree = "<group>"; };
		D576CFBD2A6460A8002BCB44 /* RegisterView.swift */ = {isa = PBXFileReference; lastKnownFileType = sourcecode.swift; path = RegisterView.swift; sourceTree = "<group>"; };
		D576CFBF2A6460D7002BCB44 /* ToDoListItemView.swift */ = {isa = PBXFileReference; lastKnownFileType = sourcecode.swift; path = ToDoListItemView.swift; sourceTree = "<group>"; };
		D576CFC12A64610F002BCB44 /* User.swift */ = {isa = PBXFileReference; lastKnownFileType = sourcecode.swift; path = User.swift; sourceTree = "<group>"; };
		D576CFC32A646118002BCB44 /* ToDoListItem.swift */ = {isa = PBXFileReference; lastKnownFileType = sourcecode.swift; path = ToDoListItem.swift; sourceTree = "<group>"; };
		D576CFC52A64614B002BCB44 /* MainViewModel.swift */ = {isa = PBXFileReference; lastKnownFileType = sourcecode.swift; path = MainViewModel.swift; sourceTree = "<group>"; };
		D576CFC72A646173002BCB44 /* ProfileViewModel.swift */ = {isa = PBXFileReference; lastKnownFileType = sourcecode.swift; path = ProfileViewModel.swift; sourceTree = "<group>"; };
		D576CFC92A646182002BCB44 /* ToDoListViewModel.swift */ = {isa = PBXFileReference; lastKnownFileType = sourcecode.swift; path = ToDoListViewModel.swift; sourceTree = "<group>"; };
		D576CFCB2A64618C002BCB44 /* CreateItemViewModel.swift */ = {isa = PBXFileReference; lastKnownFileType = sourcecode.swift; path = CreateItemViewModel.swift; sourceTree = "<group>"; };
		D576CFCD2A646197002BCB44 /* LoginViewModel.swift */ = {isa = PBXFileReference; lastKnownFileType = sourcecode.swift; path = LoginViewModel.swift; sourceTree = "<group>"; };
		D576CFCF2A6461AF002BCB44 /* RegisterViewModel.swift */ = {isa = PBXFileReference; lastKnownFileType = sourcecode.swift; path = RegisterViewModel.swift; sourceTree = "<group>"; };
		D576CFD12A6461B9002BCB44 /* ToDoListItemViewModel.swift */ = {isa = PBXFileReference; lastKnownFileType = sourcecode.swift; path = ToDoListItemViewModel.swift; sourceTree = "<group>"; };
		D576CFD62A646490002BCB44 /* Header.swift */ = {isa = PBXFileReference; lastKnownFileType = sourcecode.swift; path = Header.swift; sourceTree = "<group>"; };
		D576CFD82A647384002BCB44 /* TLButton.swift */ = {isa = PBXFileReference; lastKnownFileType = sourcecode.swift; path = TLButton.swift; sourceTree = "<group>"; };
		D576CFDD2A648770002BCB44 /* Validations.swift */ = {isa = PBXFileReference; lastKnownFileType = sourcecode.swift; path = Validations.swift; sourceTree = "<group>"; };
		D576CFDF2A648C3E002BCB44 /* Extensions.swift */ = {isa = PBXFileReference; lastKnownFileType = sourcecode.swift; path = Extensions.swift; sourceTree = "<group>"; };
/* End PBXFileReference section */

/* Begin PBXFrameworksBuildPhase section */
		D576CF922A645BAC002BCB44 /* Frameworks */ = {
			isa = PBXFrameworksBuildPhase;
			buildActionMask = 2147483647;
			files = (
				D576CFA92A645CBD002BCB44 /* FirebaseAuth in Frameworks */,
				D576CFAB2A645CBD002BCB44 /* FirebaseFirestore in Frameworks */,
				D576CFAD2A645CBD002BCB44 /* FirebaseFirestoreSwift in Frameworks */,
			);
			runOnlyForDeploymentPostprocessing = 0;
		};
/* End PBXFrameworksBuildPhase section */

/* Begin PBXGroup section */
		D576CF8C2A645BAB002BCB44 = {
			isa = PBXGroup;
			children = (
				D576CF972A645BAC002BCB44 /* ToDoList */,
				D576CF962A645BAC002BCB44 /* Products */,
			);
			sourceTree = "<group>";
		};
		D576CF962A645BAC002BCB44 /* Products */ = {
			isa = PBXGroup;
			children = (
				D576CF952A645BAC002BCB44 /* ToDoList.app */,
			);
			name = Products;
			sourceTree = "<group>";
		};
		D576CF972A645BAC002BCB44 /* ToDoList */ = {
			isa = PBXGroup;
			children = (
				D576CFDA2A6473A3002BCB44 /* Components */,
				D576CFB42A645F91002BCB44 /* Other */,
				D576CFB32A645F89002BCB44 /* Models */,
				D576CFB22A645F6C002BCB44 /* ViewModels */,
				D576CFB12A645F61002BCB44 /* Views */,
				D576CF9E2A645BAC002BCB44 /* ToDoList.entitlements */,
				D576CF9F2A645BAC002BCB44 /* Preview Content */,
			);
			path = ToDoList;
			sourceTree = "<group>";
		};
		D576CF9F2A645BAC002BCB44 /* Preview Content */ = {
			isa = PBXGroup;
			children = (
				D576CFA02A645BAC002BCB44 /* Preview Assets.xcassets */,
			);
			path = "Preview Content";
			sourceTree = "<group>";
		};
		D576CFB12A645F61002BCB44 /* Views */ = {
			isa = PBXGroup;
			children = (
				D576CFBB2A64609C002BCB44 /* LoginView.swift */,
				D576CF9A2A645BAC002BCB44 /* MainView.swift */,
				D576CFB52A64607D002BCB44 /* ProfileView.swift */,
				D576CFB72A646089002BCB44 /* ToDoListView.swift */,
				D576CFB92A646093002BCB44 /* CreateItemView.swift */,
				D576CFBD2A6460A8002BCB44 /* RegisterView.swift */,
				D576CFBF2A6460D7002BCB44 /* ToDoListItemView.swift */,
			);
			path = Views;
			sourceTree = "<group>";
		};
		D576CFB22A645F6C002BCB44 /* ViewModels */ = {
			isa = PBXGroup;
			children = (
				D576CFC52A64614B002BCB44 /* MainViewModel.swift */,
				D576CFC72A646173002BCB44 /* ProfileViewModel.swift */,
				D576CFC92A646182002BCB44 /* ToDoListViewModel.swift */,
				D576CFCB2A64618C002BCB44 /* CreateItemViewModel.swift */,
				D576CFCD2A646197002BCB44 /* LoginViewModel.swift */,
				D576CFCF2A6461AF002BCB44 /* RegisterViewModel.swift */,
				D576CFD12A6461B9002BCB44 /* ToDoListItemViewModel.swift */,
			);
			path = ViewModels;
			sourceTree = "<group>";
		};
		D576CFB32A645F89002BCB44 /* Models */ = {
			isa = PBXGroup;
			children = (
				D576CFC12A64610F002BCB44 /* User.swift */,
				D576CFC32A646118002BCB44 /* ToDoListItem.swift */,
			);
			path = Models;
			sourceTree = "<group>";
		};
		D576CFB42A645F91002BCB44 /* Other */ = {
			isa = PBXGroup;
			children = (
				D576CF9C2A645BAC002BCB44 /* Assets.xcassets */,
				D576CFAE2A645D9E002BCB44 /* GoogleService-Info.plist */,
				D576CF982A645BAC002BCB44 /* ToDoListApp.swift */,
				D576CFDD2A648770002BCB44 /* Validations.swift */,
				D576CFDF2A648C3E002BCB44 /* Extensions.swift */,
			);
			path = Other;
			sourceTree = "<group>";
		};
		D576CFDA2A6473A3002BCB44 /* Components */ = {
			isa = PBXGroup;
			children = (
				D576CFD62A646490002BCB44 /* Header.swift */,
				D576CFD82A647384002BCB44 /* TLButton.swift */,
			);
			path = Components;
			sourceTree = "<group>";
		};
/* End PBXGroup section */

/* Begin PBXNativeTarget section */
		D576CF942A645BAC002BCB44 /* ToDoList */ = {
			isa = PBXNativeTarget;
			buildConfigurationList = D576CFA42A645BAC002BCB44 /* Build configuration list for PBXNativeTarget "ToDoList" */;
			buildPhases = (
				D576CF912A645BAC002BCB44 /* Sources */,
				D576CF922A645BAC002BCB44 /* Frameworks */,
				D576CF932A645BAC002BCB44 /* Resources */,
			);
			buildRules = (
			);
			dependencies = (
			);
			name = ToDoList;
			packageProductDependencies = (
				D576CFA82A645CBD002BCB44 /* FirebaseAuth */,
				D576CFAA2A645CBD002BCB44 /* FirebaseFirestore */,
				D576CFAC2A645CBD002BCB44 /* FirebaseFirestoreSwift */,
			);
			productName = ToDoList;
			productReference = D576CF952A645BAC002BCB44 /* ToDoList.app */;
			productType = "com.apple.product-type.application";
		};
/* End PBXNativeTarget section */

/* Begin PBXProject section */
		D576CF8D2A645BAB002BCB44 /* Project object */ = {
			isa = PBXProject;
			attributes = {
				BuildIndependentTargetsInParallel = 1;
				LastSwiftUpdateCheck = 1430;
				LastUpgradeCheck = 1430;
				TargetAttributes = {
					D576CF942A645BAC002BCB44 = {
						CreatedOnToolsVersion = 14.3.1;
					};
				};
			};
			buildConfigurationList = D576CF902A645BAB002BCB44 /* Build configuration list for PBXProject "ToDoList" */;
			compatibilityVersion = "Xcode 14.0";
			developmentRegion = en;
			hasScannedForEncodings = 0;
			knownRegions = (
				en,
				Base,
			);
			mainGroup = D576CF8C2A645BAB002BCB44;
			packageReferences = (
				D576CFA72A645CBD002BCB44 /* XCRemoteSwiftPackageReference "firebase-ios-sdk" */,
			);
			productRefGroup = D576CF962A645BAC002BCB44 /* Products */;
			projectDirPath = "";
			projectRoot = "";
			targets = (
				D576CF942A645BAC002BCB44 /* ToDoList */,
			);
		};
/* End PBXProject section */

/* Begin PBXResourcesBuildPhase section */
		D576CF932A645BAC002BCB44 /* Resources */ = {
			isa = PBXResourcesBuildPhase;
			buildActionMask = 2147483647;
			files = (
				D576CFA12A645BAC002BCB44 /* Preview Assets.xcassets in Resources */,
				D576CF9D2A645BAC002BCB44 /* Assets.xcassets in Resources */,
				D576CFAF2A645D9F002BCB44 /* GoogleService-Info.plist in Resources */,
			);
			runOnlyForDeploymentPostprocessing = 0;
		};
/* End PBXResourcesBuildPhase section */

/* Begin PBXSourcesBuildPhase section */
		D576CF912A645BAC002BCB44 /* Sources */ = {
			isa = PBXSourcesBuildPhase;
			buildActionMask = 2147483647;
			files = (
				D576CFBC2A64609C002BCB44 /* LoginView.swift in Sources */,
				D576CFD72A646490002BCB44 /* Header.swift in Sources */,
				D576CF9B2A645BAC002BCB44 /* MainView.swift in Sources */,
				D576CFD22A6461B9002BCB44 /* ToDoListItemViewModel.swift in Sources */,
				D576CFBA2A646093002BCB44 /* CreateItemView.swift in Sources */,
				D576CFCE2A646197002BCB44 /* LoginViewModel.swift in Sources */,
				D576CFB82A646089002BCB44 /* ToDoListView.swift in Sources */,
				D576CFD92A647384002BCB44 /* TLButton.swift in Sources */,
				D576CFC82A646173002BCB44 /* ProfileViewModel.swift in Sources */,
				D576CFCC2A64618C002BCB44 /* CreateItemViewModel.swift in Sources */,
				D576CFBE2A6460A8002BCB44 /* RegisterView.swift in Sources */,
				D576CFC22A64610F002BCB44 /* User.swift in Sources */,
				D576CFC02A6460D7002BCB44 /* ToDoListItemView.swift in Sources */,
				D576CFE02A648C3E002BCB44 /* Extensions.swift in Sources */,
				D576CFB62A64607D002BCB44 /* ProfileView.swift in Sources */,
				D576CFC42A646118002BCB44 /* ToDoListItem.swift in Sources */,
				D576CFCA2A646182002BCB44 /* ToDoListViewModel.swift in Sources */,
				D576CFD02A6461AF002BCB44 /* RegisterViewModel.swift in Sources */,
				D576CFDE2A648770002BCB44 /* Validations.swift in Sources */,
				D576CF992A645BAC002BCB44 /* ToDoListApp.swift in Sources */,
				D576CFC62A64614B002BCB44 /* MainViewModel.swift in Sources */,
			);
			runOnlyForDeploymentPostprocessing = 0;
		};
/* End PBXSourcesBuildPhase section */

/* Begin XCBuildConfiguration section */
		D576CFA22A645BAC002BCB44 /* Debug */ = {
			isa = XCBuildConfiguration;
			buildSettings = {
				ALWAYS_SEARCH_USER_PATHS = NO;
				CLANG_ANALYZER_NONNULL = YES;
				CLANG_ANALYZER_NUMBER_OBJECT_CONVERSION = YES_AGGRESSIVE;
				CLANG_CXX_LANGUAGE_STANDARD = "gnu++20";
				CLANG_ENABLE_MODULES = YES;
				CLANG_ENABLE_OBJC_ARC = YES;
				CLANG_ENABLE_OBJC_WEAK = YES;
				CLANG_WARN_BLOCK_CAPTURE_AUTORELEASING = YES;
				CLANG_WARN_BOOL_CONVERSION = YES;
				CLANG_WARN_COMMA = YES;
				CLANG_WARN_CONSTANT_CONVERSION = YES;
				CLANG_WARN_DEPRECATED_OBJC_IMPLEMENTATIONS = YES;
				CLANG_WARN_DIRECT_OBJC_ISA_USAGE = YES_ERROR;
				CLANG_WARN_DOCUMENTATION_COMMENTS = YES;
				CLANG_WARN_EMPTY_BODY = YES;
				CLANG_WARN_ENUM_CONVERSION = YES;
				CLANG_WARN_INFINITE_RECURSION = YES;
				CLANG_WARN_INT_CONVERSION = YES;
				CLANG_WARN_NON_LITERAL_NULL_CONVERSION = YES;
				CLANG_WARN_OBJC_IMPLICIT_RETAIN_SELF = YES;
				CLANG_WARN_OBJC_LITERAL_CONVERSION = YES;
				CLANG_WARN_OBJC_ROOT_CLASS = YES_ERROR;
				CLANG_WARN_QUOTED_INCLUDE_IN_FRAMEWORK_HEADER = YES;
				CLANG_WARN_RANGE_LOOP_ANALYSIS = YES;
				CLANG_WARN_STRICT_PROTOTYPES = YES;
				CLANG_WARN_SUSPICIOUS_MOVE = YES;
				CLANG_WARN_UNGUARDED_AVAILABILITY = YES_AGGRESSIVE;
				CLANG_WARN_UNREACHABLE_CODE = YES;
				CLANG_WARN__DUPLICATE_METHOD_MATCH = YES;
				COPY_PHASE_STRIP = NO;
				DEBUG_INFORMATION_FORMAT = dwarf;
				ENABLE_STRICT_OBJC_MSGSEND = YES;
				ENABLE_TESTABILITY = YES;
				GCC_C_LANGUAGE_STANDARD = gnu11;
				GCC_DYNAMIC_NO_PIC = NO;
				GCC_NO_COMMON_BLOCKS = YES;
				GCC_OPTIMIZATION_LEVEL = 0;
				GCC_PREPROCESSOR_DEFINITIONS = (
					"DEBUG=1",
					"$(inherited)",
				);
				GCC_WARN_64_TO_32_BIT_CONVERSION = YES;
				GCC_WARN_ABOUT_RETURN_TYPE = YES_ERROR;
				GCC_WARN_UNDECLARED_SELECTOR = YES;
				GCC_WARN_UNINITIALIZED_AUTOS = YES_AGGRESSIVE;
				GCC_WARN_UNUSED_FUNCTION = YES;
				GCC_WARN_UNUSED_VARIABLE = YES;
				MTL_ENABLE_DEBUG_INFO = INCLUDE_SOURCE;
				MTL_FAST_MATH = YES;
				ONLY_ACTIVE_ARCH = YES;
				SWIFT_ACTIVE_COMPILATION_CONDITIONS = DEBUG;
				SWIFT_OPTIMIZATION_LEVEL = "-Onone";
			};
			name = Debug;
		};
		D576CFA32A645BAC002BCB44 /* Release */ = {
			isa = XCBuildConfiguration;
			buildSettings = {
				ALWAYS_SEARCH_USER_PATHS = NO;
				CLANG_ANALYZER_NONNULL = YES;
				CLANG_ANALYZER_NUMBER_OBJECT_CONVERSION = YES_AGGRESSIVE;
				CLANG_CXX_LANGUAGE_STANDARD = "gnu++20";
				CLANG_ENABLE_MODULES = YES;
				CLANG_ENABLE_OBJC_ARC = YES;
				CLANG_ENABLE_OBJC_WEAK = YES;
				CLANG_WARN_BLOCK_CAPTURE_AUTORELEASING = YES;
				CLANG_WARN_BOOL_CONVERSION = YES;
				CLANG_WARN_COMMA = YES;
				CLANG_WARN_CONSTANT_CONVERSION = YES;
				CLANG_WARN_DEPRECATED_OBJC_IMPLEMENTATIONS = YES;
				CLANG_WARN_DIRECT_OBJC_ISA_USAGE = YES_ERROR;
				CLANG_WARN_DOCUMENTATION_COMMENTS = YES;
				CLANG_WARN_EMPTY_BODY = YES;
				CLANG_WARN_ENUM_CONVERSION = YES;
				CLANG_WARN_INFINITE_RECURSION = YES;
				CLANG_WARN_INT_CONVERSION = YES;
				CLANG_WARN_NON_LITERAL_NULL_CONVERSION = YES;
				CLANG_WARN_OBJC_IMPLICIT_RETAIN_SELF = YES;
				CLANG_WARN_OBJC_LITERAL_CONVERSION = YES;
				CLANG_WARN_OBJC_ROOT_CLASS = YES_ERROR;
				CLANG_WARN_QUOTED_INCLUDE_IN_FRAMEWORK_HEADER = YES;
				CLANG_WARN_RANGE_LOOP_ANALYSIS = YES;
				CLANG_WARN_STRICT_PROTOTYPES = YES;
				CLANG_WARN_SUSPICIOUS_MOVE = YES;
				CLANG_WARN_UNGUARDED_AVAILABILITY = YES_AGGRESSIVE;
				CLANG_WARN_UNREACHABLE_CODE = YES;
				CLANG_WARN__DUPLICATE_METHOD_MATCH = YES;
				COPY_PHASE_STRIP = NO;
				DEBUG_INFORMATION_FORMAT = "dwarf-with-dsym";
				ENABLE_NS_ASSERTIONS = NO;
				ENABLE_STRICT_OBJC_MSGSEND = YES;
				GCC_C_LANGUAGE_STANDARD = gnu11;
				GCC_NO_COMMON_BLOCKS = YES;
				GCC_WARN_64_TO_32_BIT_CONVERSION = YES;
				GCC_WARN_ABOUT_RETURN_TYPE = YES_ERROR;
				GCC_WARN_UNDECLARED_SELECTOR = YES;
				GCC_WARN_UNINITIALIZED_AUTOS = YES_AGGRESSIVE;
				GCC_WARN_UNUSED_FUNCTION = YES;
				GCC_WARN_UNUSED_VARIABLE = YES;
				MTL_ENABLE_DEBUG_INFO = NO;
				MTL_FAST_MATH = YES;
				SWIFT_COMPILATION_MODE = wholemodule;
				SWIFT_OPTIMIZATION_LEVEL = "-O";
			};
			name = Release;
		};
		D576CFA52A645BAC002BCB44 /* Debug */ = {
			isa = XCBuildConfiguration;
			buildSettings = {
				ASSETCATALOG_COMPILER_APPICON_NAME = AppIcon;
				ASSETCATALOG_COMPILER_GLOBAL_ACCENT_COLOR_NAME = AccentColor;
				CODE_SIGN_ENTITLEMENTS = ToDoList/ToDoList.entitlements;
				CODE_SIGN_STYLE = Automatic;
				CURRENT_PROJECT_VERSION = 1;
				DEVELOPMENT_ASSET_PATHS = "\"ToDoList/Preview Content\"";
				DEVELOPMENT_TEAM = M4QN7DBR2B;
				ENABLE_HARDENED_RUNTIME = YES;
				ENABLE_PREVIEWS = YES;
				GENERATE_INFOPLIST_FILE = YES;
				INFOPLIST_KEY_CFBundleDisplayName = "To Do List";
				"INFOPLIST_KEY_UIApplicationSceneManifest_Generation[sdk=iphoneos*]" = YES;
				"INFOPLIST_KEY_UIApplicationSceneManifest_Generation[sdk=iphonesimulator*]" = YES;
				"INFOPLIST_KEY_UIApplicationSupportsIndirectInputEvents[sdk=iphoneos*]" = YES;
				"INFOPLIST_KEY_UIApplicationSupportsIndirectInputEvents[sdk=iphonesimulator*]" = YES;
				"INFOPLIST_KEY_UILaunchScreen_Generation[sdk=iphoneos*]" = YES;
				"INFOPLIST_KEY_UILaunchScreen_Generation[sdk=iphonesimulator*]" = YES;
				"INFOPLIST_KEY_UIStatusBarStyle[sdk=iphoneos*]" = UIStatusBarStyleDefault;
				"INFOPLIST_KEY_UIStatusBarStyle[sdk=iphonesimulator*]" = UIStatusBarStyleDefault;
				INFOPLIST_KEY_UISupportedInterfaceOrientations = UIInterfaceOrientationPortrait;
				IPHONEOS_DEPLOYMENT_TARGET = 16.4;
				LD_RUNPATH_SEARCH_PATHS = "@executable_path/Frameworks";
				"LD_RUNPATH_SEARCH_PATHS[sdk=macosx*]" = "@executable_path/../Frameworks";
				MACOSX_DEPLOYMENT_TARGET = 13.3;
				MARKETING_VERSION = 1.0;
				PRODUCT_BUNDLE_IDENTIFIER = com.skartner.ToDoList;
				PRODUCT_NAME = "$(TARGET_NAME)";
				SDKROOT = auto;
				SUPPORTED_PLATFORMS = "iphoneos iphonesimulator macosx";
				SWIFT_EMIT_LOC_STRINGS = YES;
				SWIFT_VERSION = 5.0;
				TARGETED_DEVICE_FAMILY = "1,2";
			};
			name = Debug;
		};
		D576CFA62A645BAC002BCB44 /* Release */ = {
			isa = XCBuildConfiguration;
			buildSettings = {
				ASSETCATALOG_COMPILER_APPICON_NAME = AppIcon;
				ASSETCATALOG_COMPILER_GLOBAL_ACCENT_COLOR_NAME = AccentColor;
				CODE_SIGN_ENTITLEMENTS = ToDoList/ToDoList.entitlements;
				CODE_SIGN_STYLE = Automatic;
				CURRENT_PROJECT_VERSION = 1;
				DEVELOPMENT_ASSET_PATHS = "\"ToDoList/Preview Content\"";
				DEVELOPMENT_TEAM = M4QN7DBR2B;
				ENABLE_HARDENED_RUNTIME = YES;
				ENABLE_PREVIEWS = YES;
				GENERATE_INFOPLIST_FILE = YES;
				INFOPLIST_KEY_CFBundleDisplayName = "To Do List";
				"INFOPLIST_KEY_UIApplicationSceneManifest_Generation[sdk=iphoneos*]" = YES;
				"INFOPLIST_KEY_UIApplicationSceneManifest_Generation[sdk=iphonesimulator*]" = YES;
				"INFOPLIST_KEY_UIApplicationSupportsIndirectInputEvents[sdk=iphoneos*]" = YES;
				"INFOPLIST_KEY_UIApplicationSupportsIndirectInputEvents[sdk=iphonesimulator*]" = YES;
				"INFOPLIST_KEY_UILaunchScreen_Generation[sdk=iphoneos*]" = YES;
				"INFOPLIST_KEY_UILaunchScreen_Generation[sdk=iphonesimulator*]" = YES;
				"INFOPLIST_KEY_UIStatusBarStyle[sdk=iphoneos*]" = UIStatusBarStyleDefault;
				"INFOPLIST_KEY_UIStatusBarStyle[sdk=iphonesimulator*]" = UIStatusBarStyleDefault;
				INFOPLIST_KEY_UISupportedInterfaceOrientations = UIInterfaceOrientationPortrait;
				IPHONEOS_DEPLOYMENT_TARGET = 16.4;
				LD_RUNPATH_SEARCH_PATHS = "@executable_path/Frameworks";
				"LD_RUNPATH_SEARCH_PATHS[sdk=macosx*]" = "@executable_path/../Frameworks";
				MACOSX_DEPLOYMENT_TARGET = 13.3;
				MARKETING_VERSION = 1.0;
				PRODUCT_BUNDLE_IDENTIFIER = com.skartner.ToDoList;
				PRODUCT_NAME = "$(TARGET_NAME)";
				SDKROOT = auto;
				SUPPORTED_PLATFORMS = "iphoneos iphonesimulator macosx";
				SWIFT_EMIT_LOC_STRINGS = YES;
				SWIFT_VERSION = 5.0;
				TARGETED_DEVICE_FAMILY = "1,2";
			};
			name = Release;
		};
/* End XCBuildConfiguration section */

/* Begin XCConfigurationList section */
		D576CF902A645BAB002BCB44 /* Build configuration list for PBXProject "ToDoList" */ = {
			isa = XCConfigurationList;
			buildConfigurations = (
				D576CFA22A645BAC002BCB44 /* Debug */,
				D576CFA32A645BAC002BCB44 /* Release */,
			);
			defaultConfigurationIsVisible = 0;
			defaultConfigurationName = Release;
		};
		D576CFA42A645BAC002BCB44 /* Build configuration list for PBXNativeTarget "ToDoList" */ = {
			isa = XCConfigurationList;
			buildConfigurations = (
				D576CFA52A645BAC002BCB44 /* Debug */,
				D576CFA62A645BAC002BCB44 /* Release */,
			);
			defaultConfigurationIsVisible = 0;
			defaultConfigurationName = Release;
		};
/* End XCConfigurationList section */

/* Begin XCRemoteSwiftPackageReference section */
		D576CFA72A645CBD002BCB44 /* XCRemoteSwiftPackageReference "firebase-ios-sdk" */ = {
			isa = XCRemoteSwiftPackageReference;
			repositoryURL = "https://github.com/firebase/firebase-ios-sdk";
			requirement = {
				kind = upToNextMajorVersion;
				minimumVersion = 10.0.0;
			};
		};
/* End XCRemoteSwiftPackageReference section */

/* Begin XCSwiftPackageProductDependency section */
		D576CFA82A645CBD002BCB44 /* FirebaseAuth */ = {
			isa = XCSwiftPackageProductDependency;
			package = D576CFA72A645CBD002BCB44 /* XCRemoteSwiftPackageReference "firebase-ios-sdk" */;
			productName = FirebaseAuth;
		};
		D576CFAA2A645CBD002BCB44 /* FirebaseFirestore */ = {
			isa = XCSwiftPackageProductDependency;
			package = D576CFA72A645CBD002BCB44 /* XCRemoteSwiftPackageReference "firebase-ios-sdk" */;
			productName = FirebaseFirestore;
		};
		D576CFAC2A645CBD002BCB44 /* FirebaseFirestoreSwift */ = {
			isa = XCSwiftPackageProductDependency;
			package = D576CFA72A645CBD002BCB44 /* XCRemoteSwiftPackageReference "firebase-ios-sdk" */;
			productName = FirebaseFirestoreSwift;
		};
/* End XCSwiftPackageProductDependency section */
	};
	rootObject = D576CF8D2A645BAB002BCB44 /* Project object */;
}
